
Microsoft Visual Studio Solution File, Format Version 12.00
# Visual Studio Version 17
VisualStudioVersion = 17.0.31903.59
MinimumVisualStudioVersion = 10.0.40219.1
Project("{FAE04EC0-301F-11D3-BF4B-00C04F79EFBC}") = "API", "API\API.csproj", "{5F65ADC5-6593-414B-AA0D-465DB7D62B2C}"
EndProject
Project("{FAE04EC0-301F-11D3-BF4B-00C04F79EFBC}") = "Application", "Application\Application.csproj", "{07B1B212-B25A-4E58-8469-38F453252B7B}"
EndProject
Project("{FAE04EC0-301F-11D3-BF4B-00C04F79EFBC}") = "Domain", "Domain\Domain.csproj", "{C0F5A2DE-54E2-4CCB-A7B9-104027DE9402}"
EndProject
Project("{FAE04EC0-301F-11D3-BF4B-00C04F79EFBC}") = "Persistence", "Persistence\Persistence.csproj", "{3B02F9C5-3AE6-4CAF-9470-03AB929BFC37}"
EndProject
Global
	GlobalSection(SolutionConfigurationPlatforms) = preSolution
		Debug|Any CPU = Debug|Any CPU
		Release|Any CPU = Release|Any CPU
	EndGlobalSection
	GlobalSection(SolutionProperties) = preSolution
		HideSolutionNode = FALSE
	EndGlobalSection
	GlobalSection(ProjectConfigurationPlatforms) = postSolution
		{5F65ADC5-6593-414B-AA0D-465DB7D62B2C}.Debug|Any CPU.ActiveCfg = Debug|Any CPU
		{5F65ADC5-6593-414B-AA0D-465DB7D62B2C}.Debug|Any CPU.Build.0 = Debug|Any CPU
		{5F65ADC5-6593-414B-AA0D-465DB7D62B2C}.Release|Any CPU.ActiveCfg = Release|Any CPU
		{5F65ADC5-6593-414B-AA0D-465DB7D62B2C}.Release|Any CPU.Build.0 = Release|Any CPU
		{07B1B212-B25A-4E58-8469-38F453252B7B}.Debug|Any CPU.ActiveCfg = Debug|Any CPU
		{07B1B212-B25A-4E58-8469-38F453252B7B}.Debug|Any CPU.Build.0 = Debug|Any CPU
		{07B1B212-B25A-4E58-8469-38F453252B7B}.Release|Any CPU.ActiveCfg = Release|Any CPU
		{07B1B212-B25A-4E58-8469-38F453252B7B}.Release|Any CPU.Build.0 = Release|Any CPU
		{C0F5A2DE-54E2-4CCB-A7B9-104027DE9402}.Debug|Any CPU.ActiveCfg = Debug|Any CPU
		{C0F5A2DE-54E2-4CCB-A7B9-104027DE9402}.Debug|Any CPU.Build.0 = Debug|Any CPU
		{C0F5A2DE-54E2-4CCB-A7B9-104027DE9402}.Release|Any CPU.ActiveCfg = Release|Any CPU
		{C0F5A2DE-54E2-4CCB-A7B9-104027DE9402}.Release|Any CPU.Build.0 = Release|Any CPU
		{3B02F9C5-3AE6-4CAF-9470-03AB929BFC37}.Debug|Any CPU.ActiveCfg = Debug|Any CPU
		{3B02F9C5-3AE6-4CAF-9470-03AB929BFC37}.Debug|Any CPU.Build.0 = Debug|Any CPU
		{3B02F9C5-3AE6-4CAF-9470-03AB929BFC37}.Release|Any CPU.ActiveCfg = Release|Any CPU
		{3B02F9C5-3AE6-4CAF-9470-03AB929BFC37}.Release|Any CPU.Build.0 = Release|Any CPU
	EndGlobalSection
EndGlobal
